
Microsoft Visual Studio Solution File, Format Version 12.00
# Visual Studio Version 17
VisualStudioVersion = 17.8.34330.188
MinimumVisualStudioVersion = 10.0.40219.1
Project("{9A19103F-16F7-4668-BE54-9A1E7A4F7556}") = "WinClock", "WinFormsApp1\WinClock.csproj", "{74D4FFC9-4394-42AB-B5C0-FEA6D4AC724A}"
EndProject
Global
	GlobalSection(SolutionConfigurationPlatforms) = preSolution
		Debug|Any CPU = Debug|Any CPU
		Release|Any CPU = Release|Any CPU
	EndGlobalSection
	GlobalSection(ProjectConfigurationPlatforms) = postSolution
		{74D4FFC9-4394-42AB-B5C0-FEA6D4AC724A}.Debug|Any CPU.ActiveCfg = Debug|Any CPU
		{74D4FFC9-4394-42AB-B5C0-FEA6D4AC724A}.Debug|Any CPU.Build.0 = Debug|Any CPU
		{74D4FFC9-4394-42AB-B5C0-FEA6D4AC724A}.Release|Any CPU.ActiveCfg = Release|Any CPU
		{74D4FFC9-4394-42AB-B5C0-FEA6D4AC724A}.Release|Any CPU.Build.0 = Release|Any CPU
	EndGlobalSection
	GlobalSection(SolutionProperties) = preSolution
		HideSolutionNode = FALSE
	EndGlobalSection
	GlobalSection(ExtensibilityGlobals) = postSolution
		SolutionGuid = {BDC0F669-432E-42E1-B8FD-96D2ABA60560}
	EndGlobalSection
EndGlobal
